// !$*UTF8*$!
{
	archiveVersion = 1;
	classes = {
	};
	objectVersion = 50;
	objects = {

/* Begin PBXBuildFile section */
		3BCA6F182210436E00217B87 /* AppDelegate.swift in Sources */ = {isa = PBXBuildFile; fileRef = 3BCA6F172210436E00217B87 /* AppDelegate.swift */; };
		3BCA6F1A2210436E00217B87 /* ViewController.swift in Sources */ = {isa = PBXBuildFile; fileRef = 3BCA6F192210436E00217B87 /* ViewController.swift */; };
		3BCA6F1D2210436E00217B87 /* Main.storyboard in Resources */ = {isa = PBXBuildFile; fileRef = 3BCA6F1B2210436E00217B87 /* Main.storyboard */; };
		3BCA6F202210436E00217B87 /* chatAppsImageUpload.xcdatamodeld in Sources */ = {isa = PBXBuildFile; fileRef = 3BCA6F1E2210436E00217B87 /* chatAppsImageUpload.xcdatamodeld */; };
		3BCA6F222210437200217B87 /* Assets.xcassets in Resources */ = {isa = PBXBuildFile; fileRef = 3BCA6F212210437200217B87 /* Assets.xcassets */; };
		3BCA6F252210437200217B87 /* LaunchScreen.storyboard in Resources */ = {isa = PBXBuildFile; fileRef = 3BCA6F232210437200217B87 /* LaunchScreen.storyboard */; };
		3BFA6A0C2211789300F82C0B /* GoogleService-Info.plist in Resources */ = {isa = PBXBuildFile; fileRef = 3BFA6A0B2211789300F82C0B /* GoogleService-Info.plist */; };
		F0003D924266E9DE91FD9B72 /* Pods_chatAppsImageUpload.framework in Frameworks */ = {isa = PBXBuildFile; fileRef = AE02C988A77FF89156FB72A5 /* Pods_chatAppsImageUpload.framework */; };
/* End PBXBuildFile section */

/* Begin PBXFileReference section */
		3BCA6F142210436E00217B87 /* chatAppsImageUpload.app */ = {isa = PBXFileReference; explicitFileType = wrapper.application; includeInIndex = 0; path = chatAppsImageUpload.app; sourceTree = BUILT_PRODUCTS_DIR; };
		3BCA6F172210436E00217B87 /* AppDelegate.swift */ = {isa = PBXFileReference; lastKnownFileType = sourcecode.swift; path = AppDelegate.swift; sourceTree = "<group>"; };
		3BCA6F192210436E00217B87 /* ViewController.swift */ = {isa = PBXFileReference; lastKnownFileType = sourcecode.swift; path = ViewController.swift; sourceTree = "<group>"; };
		3BCA6F1C2210436E00217B87 /* Base */ = {isa = PBXFileReference; lastKnownFileType = file.storyboard; name = Base; path = Base.lproj/Main.storyboard; sourceTree = "<group>"; };
		3BCA6F1F2210436E00217B87 /* chatAppsImageUpload.xcdatamodel */ = {isa = PBXFileReference; lastKnownFileType = wrapper.xcdatamodel; path = chatAppsImageUpload.xcdatamodel; sourceTree = "<group>"; };
		3BCA6F212210437200217B87 /* Assets.xcassets */ = {isa = PBXFileReference; lastKnownFileType = folder.assetcatalog; path = Assets.xcassets; sourceTree = "<group>"; };
		3BCA6F242210437200217B87 /* Base */ = {isa = PBXFileReference; lastKnownFileType = file.storyboard; name = Base; path = Base.lproj/LaunchScreen.storyboard; sourceTree = "<group>"; };
		3BCA6F262210437200217B87 /* Info.plist */ = {isa = PBXFileReference; lastKnownFileType = text.plist.xml; path = Info.plist; sourceTree = "<group>"; };
		3BFA6A0B2211789300F82C0B /* GoogleService-Info.plist */ = {isa = PBXFileReference; fileEncoding = 4; lastKnownFileType = text.plist.xml; path = "GoogleService-Info.plist"; sourceTree = "<group>"; };
		A3A9971CAC6E2E2B807620D8 /* Pods-chatAppsImageUpload.debug.xcconfig */ = {isa = PBXFileReference; includeInIndex = 1; lastKnownFileType = text.xcconfig; name = "Pods-chatAppsImageUpload.debug.xcconfig"; path = "Pods/Target Support Files/Pods-chatAppsImageUpload/Pods-chatAppsImageUpload.debug.xcconfig"; sourceTree = "<group>"; };
		AC3AFB0F179F09C6C8C98969 /* Pods-chatAppsImageUpload.release.xcconfig */ = {isa = PBXFileReference; includeInIndex = 1; lastKnownFileType = text.xcconfig; name = "Pods-chatAppsImageUpload.release.xcconfig"; path = "Pods/Target Support Files/Pods-chatAppsImageUpload/Pods-chatAppsImageUpload.release.xcconfig"; sourceTree = "<group>"; };
		AE02C988A77FF89156FB72A5 /* Pods_chatAppsImageUpload.framework */ = {isa = PBXFileReference; explicitFileType = wrapper.framework; includeInIndex = 0; path = Pods_chatAppsImageUpload.framework; sourceTree = BUILT_PRODUCTS_DIR; };
/* End PBXFileReference section */

/* Begin PBXFrameworksBuildPhase section */
		3BCA6F112210436E00217B87 /* Frameworks */ = {
			isa = PBXFrameworksBuildPhase;
			buildActionMask = 2147483647;
			files = (
				F0003D924266E9DE91FD9B72 /* Pods_chatAppsImageUpload.framework in Frameworks */,
			);
			runOnlyForDeploymentPostprocessing = 0;
		};
/* End PBXFrameworksBuildPhase section */

/* Begin PBXGroup section */
		3BCA6F0B2210436E00217B87 = {
			isa = PBXGroup;
			children = (
				3BCA6F162210436E00217B87 /* chatAppsImageUpload */,
				3BCA6F152210436E00217B87 /* Products */,
				A73B90DE203910D899A42FBA /* Pods */,
				533910EE0841BADC0506C2E9 /* Frameworks */,
			);
			sourceTree = "<group>";
		};
		3BCA6F152210436E00217B87 /* Products */ = {
			isa = PBXGroup;
			children = (
				3BCA6F142210436E00217B87 /* chatAppsImageUpload.app */,
			);
			name = Products;
			sourceTree = "<group>";
		};
		3BCA6F162210436E00217B87 /* chatAppsImageUpload */ = {
			isa = PBXGroup;
			children = (
				3BCA6F172210436E00217B87 /* AppDelegate.swift */,
				3BCA6F192210436E00217B87 /* ViewController.swift */,
				3BCA6F1B2210436E00217B87 /* Main.storyboard */,
				3BCA6F212210437200217B87 /* Assets.xcassets */,
				3BCA6F232210437200217B87 /* LaunchScreen.storyboard */,
				3BCA6F262210437200217B87 /* Info.plist */,
				3BFA6A0B2211789300F82C0B /* GoogleService-Info.plist */,
				3BCA6F1E2210436E00217B87 /* chatAppsImageUpload.xcdatamodeld */,
			);
			path = chatAppsImageUpload;
			sourceTree = "<group>";
		};
		533910EE0841BADC0506C2E9 /* Frameworks */ = {
			isa = PBXGroup;
			children = (
				AE02C988A77FF89156FB72A5 /* Pods_chatAppsImageUpload.framework */,
			);
			name = Frameworks;
			sourceTree = "<group>";
		};
		A73B90DE203910D899A42FBA /* Pods */ = {
			isa = PBXGroup;
			children = (
				A3A9971CAC6E2E2B807620D8 /* Pods-chatAppsImageUpload.debug.xcconfig */,
				AC3AFB0F179F09C6C8C98969 /* Pods-chatAppsImageUpload.release.xcconfig */,
			);
			name = Pods;
			sourceTree = "<group>";
		};
/* End PBXGroup section */

/* Begin PBXNativeTarget section */
		3BCA6F132210436E00217B87 /* chatAppsImageUpload */ = {
			isa = PBXNativeTarget;
			buildConfigurationList = 3BCA6F292210437200217B87 /* Build configuration list for PBXNativeTarget "chatAppsImageUpload" */;
			buildPhases = (
				9B1CB2CE0E2068081E582488 /* [CP] Check Pods Manifest.lock */,
				3BCA6F102210436E00217B87 /* Sources */,
				3BCA6F112210436E00217B87 /* Frameworks */,
				3BCA6F122210436E00217B87 /* Resources */,
				B41C13A47965B69C74133FFB /* [CP] Embed Pods Frameworks */,
			);
			buildRules = (
			);
			dependencies = (
			);
			name = chatAppsImageUpload;
			productName = chatAppsImageUpload;
			productReference = 3BCA6F142210436E00217B87 /* chatAppsImageUpload.app */;
			productType = "com.apple.product-type.application";
		};
/* End PBXNativeTarget section */

/* Begin PBXProject section */
		3BCA6F0C2210436E00217B87 /* Project object */ = {
			isa = PBXProject;
			attributes = {
				LastSwiftUpdateCheck = 1010;
				LastUpgradeCheck = 1010;
				ORGANIZATIONNAME = "Md. Abdur Rahman Jyoti";
				TargetAttributes = {
					3BCA6F132210436E00217B87 = {
						CreatedOnToolsVersion = 10.1;
					};
				};
			};
			buildConfigurationList = 3BCA6F0F2210436E00217B87 /* Build configuration list for PBXProject "chatAppsImageUpload" */;
			compatibilityVersion = "Xcode 9.3";
			developmentRegion = en;
			hasScannedForEncodings = 0;
			knownRegions = (
				en,
				Base,
			);
			mainGroup = 3BCA6F0B2210436E00217B87;
			productRefGroup = 3BCA6F152210436E00217B87 /* Products */;
			projectDirPath = "";
			projectRoot = "";
			targets = (
				3BCA6F132210436E00217B87 /* chatAppsImageUpload */,
			);
		};
/* End PBXProject section */

/* Begin PBXResourcesBuildPhase section */
		3BCA6F122210436E00217B87 /* Resources */ = {
			isa = PBXResourcesBuildPhase;
			buildActionMask = 2147483647;
			files = (
				3BCA6F252210437200217B87 /* LaunchScreen.storyboard in Resources */,
				3BFA6A0C2211789300F82C0B /* GoogleService-Info.plist in Resources */,
				3BCA6F222210437200217B87 /* Assets.xcassets in Resources */,
				3BCA6F1D2210436E00217B87 /* Main.storyboard in Resources */,
			);
			runOnlyForDeploymentPostprocessing = 0;
		};
/* End PBXResourcesBuildPhase section */

/* Begin PBXShellScriptBuildPhase section */
		9B1CB2CE0E2068081E582488 /* [CP] Check Pods Manifest.lock */ = {
			isa = PBXShellScriptBuildPhase;
			buildActionMask = 2147483647;
			files = (
			);
			inputFileListPaths = (
			);
			inputPaths = (
				"${PODS_PODFILE_DIR_PATH}/Podfile.lock",
				"${PODS_ROOT}/Manifest.lock",
			);
			name = "[CP] Check Pods Manifest.lock";
			outputFileListPaths = (
			);
			outputPaths = (
				"$(DERIVED_FILE_DIR)/Pods-chatAppsImageUpload-checkManifestLockResult.txt",
			);
			runOnlyForDeploymentPostprocessing = 0;
			shellPath = /bin/sh;
			shellScript = "diff \"${PODS_PODFILE_DIR_PATH}/Podfile.lock\" \"${PODS_ROOT}/Manifest.lock\" > /dev/null\nif [ $? != 0 ] ; then\n    # print error to STDERR\n    echo \"error: The sandbox is not in sync with the Podfile.lock. Run 'pod install' or update your CocoaPods installation.\" >&2\n    exit 1\nfi\n# This output is used by Xcode 'outputs' to avoid re-running this script phase.\necho \"SUCCESS\" > \"${SCRIPT_OUTPUT_FILE_0}\"\n";
			showEnvVarsInLog = 0;
		};
		B41C13A47965B69C74133FFB /* [CP] Embed Pods Frameworks */ = {
			isa = PBXShellScriptBuildPhase;
			buildActionMask = 2147483647;
			files = (
			);
			inputFileListPaths = (
			);
			inputPaths = (
				"${SRCROOT}/Pods/Target Support Files/Pods-chatAppsImageUpload/Pods-chatAppsImageUpload-frameworks.sh",
				"${BUILT_PRODUCTS_DIR}/GTMSessionFetcher/GTMSessionFetcher.framework",
				"${BUILT_PRODUCTS_DIR}/GoogleUtilities/GoogleUtilities.framework",
				"${BUILT_PRODUCTS_DIR}/leveldb-library/leveldb.framework",
				"${BUILT_PRODUCTS_DIR}/nanopb/nanopb.framework",
			);
			name = "[CP] Embed Pods Frameworks";
			outputFileListPaths = (
			);
			outputPaths = (
				"${TARGET_BUILD_DIR}/${FRAMEWORKS_FOLDER_PATH}/GTMSessionFetcher.framework",
				"${TARGET_BUILD_DIR}/${FRAMEWORKS_FOLDER_PATH}/GoogleUtilities.framework",
				"${TARGET_BUILD_DIR}/${FRAMEWORKS_FOLDER_PATH}/leveldb.framework",
				"${TARGET_BUILD_DIR}/${FRAMEWORKS_FOLDER_PATH}/nanopb.framework",
			);
			runOnlyForDeploymentPostprocessing = 0;
			shellPath = /bin/sh;
			shellScript = "\"${SRCROOT}/Pods/Target Support Files/Pods-chatAppsImageUpload/Pods-chatAppsImageUpload-frameworks.sh\"\n";
			showEnvVarsInLog = 0;
		};
/* End PBXShellScriptBuildPhase section */

/* Begin PBXSourcesBuildPhase section */
		3BCA6F102210436E00217B87 /* Sources */ = {
			isa = PBXSourcesBuildPhase;
			buildActionMask = 2147483647;
			files = (
				3BCA6F1A2210436E00217B87 /* ViewController.swift in Sources */,
				3BCA6F182210436E00217B87 /* AppDelegate.swift in Sources */,
				3BCA6F202210436E00217B87 /* chatAppsImageUpload.xcdatamodeld in Sources */,
			);
			runOnlyForDeploymentPostprocessing = 0;
		};
/* End PBXSourcesBuildPhase section */

/* Begin PBXVariantGroup section */
		3BCA6F1B2210436E00217B87 /* Main.storyboard */ = {
			isa = PBXVariantGroup;
			children = (
				3BCA6F1C2210436E00217B87 /* Base */,
			);
			name = Main.storyboard;
			sourceTree = "<group>";
		};
		3BCA6F232210437200217B87 /* LaunchScreen.storyboard */ = {
			isa = PBXVariantGroup;
			children = (
				3BCA6F242210437200217B87 /* Base */,
			);
			name = LaunchScreen.storyboard;
			sourceTree = "<group>";
		};
/* End PBXVariantGroup section */

/* Begin XCBuildConfiguration section */
		3BCA6F272210437200217B87 /* Debug */ = {
			isa = XCBuildConfiguration;
			buildSettings = {
				ALWAYS_SEARCH_USER_PATHS = NO;
				CLANG_ANALYZER_NONNULL = YES;
				CLANG_ANALYZER_NUMBER_OBJECT_CONVERSION = YES_AGGRESSIVE;
				CLANG_CXX_LANGUAGE_STANDARD = "gnu++14";
				CLANG_CXX_LIBRARY = "libc++";
				CLANG_ENABLE_MODULES = YES;
				CLANG_ENABLE_OBJC_ARC = YES;
				CLANG_ENABLE_OBJC_WEAK = YES;
				CLANG_WARN_BLOCK_CAPTURE_AUTORELEASING = YES;
				CLANG_WARN_BOOL_CONVERSION = YES;
				CLANG_WARN_COMMA = YES;
				CLANG_WARN_CONSTANT_CONVERSION = YES;
				CLANG_WARN_DEPRECATED_OBJC_IMPLEMENTATIONS = YES;
				CLANG_WARN_DIRECT_OBJC_ISA_USAGE = YES_ERROR;
				CLANG_WARN_DOCUMENTATION_COMMENTS = YES;
				CLANG_WARN_EMPTY_BODY = YES;
				CLANG_WARN_ENUM_CONVERSION = YES;
				CLANG_WARN_INFINITE_RECURSION = YES;
				CLANG_WARN_INT_CONVERSION = YES;
				CLANG_WARN_NON_LITERAL_NULL_CONVERSION = YES;
				CLANG_WARN_OBJC_IMPLICIT_RETAIN_SELF = YES;
				CLANG_WARN_OBJC_LITERAL_CONVERSION = YES;
				CLANG_WARN_OBJC_ROOT_CLASS = YES_ERROR;
				CLANG_WARN_RANGE_LOOP_ANALYSIS = YES;
				CLANG_WARN_STRICT_PROTOTYPES = YES;
				CLANG_WARN_SUSPICIOUS_MOVE = YES;
				CLANG_WARN_UNGUARDED_AVAILABILITY = YES_AGGRESSIVE;
				CLANG_WARN_UNREACHABLE_CODE = YES;
				CLANG_WARN__DUPLICATE_METHOD_MATCH = YES;
				CODE_SIGN_IDENTITY = "iPhone Developer";
				COPY_PHASE_STRIP = NO;
				DEBUG_INFORMATION_FORMAT = dwarf;
				ENABLE_STRICT_OBJC_MSGSEND = YES;
				ENABLE_TESTABILITY = YES;
				GCC_C_LANGUAGE_STANDARD = gnu11;
				GCC_DYNAMIC_NO_PIC = NO;
				GCC_NO_COMMON_BLOCKS = YES;
				GCC_OPTIMIZATION_LEVEL = 0;
				GCC_PREPROCESSOR_DEFINITIONS = (
					"DEBUG=1",
					"$(inherited)",
				);
				GCC_WARN_64_TO_32_BIT_CONVERSION = YES;
				GCC_WARN_ABOUT_RETURN_TYPE = YES_ERROR;
				GCC_WARN_UNDECLARED_SELECTOR = YES;
				GCC_WARN_UNINITIALIZED_AUTOS = YES_AGGRESSIVE;
				GCC_WARN_UNUSED_FUNCTION = YES;
				GCC_WARN_UNUSED_VARIABLE = YES;
				IPHONEOS_DEPLOYMENT_TARGET = 12.1;
				MTL_ENABLE_DEBUG_INFO = INCLUDE_SOURCE;
				MTL_FAST_MATH = YES;
				ONLY_ACTIVE_ARCH = YES;
				SDKROOT = iphoneos;
				SWIFT_ACTIVE_COMPILATION_CONDITIONS = DEBUG;
				SWIFT_OPTIMIZATION_LEVEL = "-Onone";
			};
			name = Debug;
		};
		3BCA6F282210437200217B87 /* Release */ = {
			isa = XCBuildConfiguration;
			buildSettings = {
				ALWAYS_SEARCH_USER_PATHS = NO;
				CLANG_ANALYZER_NONNULL = YES;
				CLANG_ANALYZER_NUMBER_OBJECT_CONVERSION = YES_AGGRESSIVE;
				CLANG_CXX_LANGUAGE_STANDARD = "gnu++14";
				CLANG_CXX_LIBRARY = "libc++";
				CLANG_ENABLE_MODULES = YES;
				CLANG_ENABLE_OBJC_ARC = YES;
				CLANG_ENABLE_OBJC_WEAK = YES;
				CLANG_WARN_BLOCK_CAPTURE_AUTORELEASING = YES;
				CLANG_WARN_BOOL_CONVERSION = YES;
				CLANG_WARN_COMMA = YES;
				CLANG_WARN_CONSTANT_CONVERSION = YES;
				CLANG_WARN_DEPRECATED_OBJC_IMPLEMENTATIONS = YES;
				CLANG_WARN_DIRECT_OBJC_ISA_USAGE = YES_ERROR;
				CLANG_WARN_DOCUMENTATION_COMMENTS = YES;
				CLANG_WARN_EMPTY_BODY = YES;
				CLANG_WARN_ENUM_CONVERSION = YES;
				CLANG_WARN_INFINITE_RECURSION = YES;
				CLANG_WARN_INT_CONVERSION = YES;
				CLANG_WARN_NON_LITERAL_NULL_CONVERSION = YES;
				CLANG_WARN_OBJC_IMPLICIT_RETAIN_SELF = YES;
				CLANG_WARN_OBJC_LITERAL_CONVERSION = YES;
				CLANG_WARN_OBJC_ROOT_CLASS = YES_ERROR;
				CLANG_WARN_RANGE_LOOP_ANALYSIS = YES;
				CLANG_WARN_STRICT_PROTOTYPES = YES;
				CLANG_WARN_SUSPICIOUS_MOVE = YES;
				CLANG_WARN_UNGUARDED_AVAILABILITY = YES_AGGRESSIVE;
				CLANG_WARN_UNREACHABLE_CODE = YES;
				CLANG_WARN__DUPLICATE_METHOD_MATCH = YES;
				CODE_SIGN_IDENTITY = "iPhone Developer";
				COPY_PHASE_STRIP = NO;
				DEBUG_INFORMATION_FORMAT = "dwarf-with-dsym";
				ENABLE_NS_ASSERTIONS = NO;
				ENABLE_STRICT_OBJC_MSGSEND = YES;
				GCC_C_LANGUAGE_STANDARD = gnu11;
				GCC_NO_COMMON_BLOCKS = YES;
				GCC_WARN_64_TO_32_BIT_CONVERSION = YES;
				GCC_WARN_ABOUT_RETURN_TYPE = YES_ERROR;
				GCC_WARN_UNDECLARED_SELECTOR = YES;
				GCC_WARN_UNINITIALIZED_AUTOS = YES_AGGRESSIVE;
				GCC_WARN_UNUSED_FUNCTION = YES;
				GCC_WARN_UNUSED_VARIABLE = YES;
				IPHONEOS_DEPLOYMENT_TARGET = 12.1;
				MTL_ENABLE_DEBUG_INFO = NO;
				MTL_FAST_MATH = YES;
				SDKROOT = iphoneos;
				SWIFT_COMPILATION_MODE = wholemodule;
				SWIFT_OPTIMIZATION_LEVEL = "-O";
				VALIDATE_PRODUCT = YES;
			};
			name = Release;
		};
		3BCA6F2A2210437200217B87 /* Debug */ = {
			isa = XCBuildConfiguration;
			baseConfigurationReference = A3A9971CAC6E2E2B807620D8 /* Pods-chatAppsImageUpload.debug.xcconfig */;
			buildSettings = {
				ASSETCATALOG_COMPILER_APPICON_NAME = AppIcon;
				CODE_SIGN_STYLE = Automatic;
				DEVELOPMENT_TEAM = NQ5M23U8P2;
				INFOPLIST_FILE = chatAppsImageUpload/Info.plist;
				IPHONEOS_DEPLOYMENT_TARGET = 11.0;
				LD_RUNPATH_SEARCH_PATHS = (
					"$(inherited)",
					"@executable_path/Frameworks",
				);
				PRODUCT_BUNDLE_IDENTIFIER = com.jyoti.chatAppsImageUpload;
				PRODUCT_NAME = "$(TARGET_NAME)";
				SWIFT_VERSION = 4.2;
				TARGETED_DEVICE_FAMILY = 1;
			};
			name = Debug;
		};
		3BCA6F2B2210437200217B87 /* Release */ = {
			isa = XCBuildConfiguration;
			baseConfigurationReference = AC3AFB0F179F09C6C8C98969 /* Pods-chatAppsImageUpload.release.xcconfig */;
			buildSettings = {
				ASSETCATALOG_COMPILER_APPICON_NAME = AppIcon;
				CODE_SIGN_STYLE = Automatic;
				DEVELOPMENT_TEAM = NQ5M23U8P2;
				INFOPLIST_FILE = chatAppsImageUpload/Info.plist;
				IPHONEOS_DEPLOYMENT_TARGET = 11.0;
				LD_RUNPATH_SEARCH_PATHS = (
					"$(inherited)",
					"@executable_path/Frameworks",
				);
				PRODUCT_BUNDLE_IDENTIFIER = com.jyoti.chatAppsImageUpload;
				PRODUCT_NAME = "$(TARGET_NAME)";
				SWIFT_VERSION = 4.2;
				TARGETED_DEVICE_FAMILY = 1;
			};
			name = Release;
		};
/* End XCBuildConfiguration section */

/* Begin XCConfigurationList section */
		3BCA6F0F2210436E00217B87 /* Build configuration list for PBXProject "chatAppsImageUpload" */ = {
			isa = XCConfigurationList;
			buildConfigurations = (
				3BCA6F272210437200217B87 /* Debug */,
				3BCA6F282210437200217B87 /* Release */,
			);
			defaultConfigurationIsVisible = 0;
			defaultConfigurationName = Release;
		};
		3BCA6F292210437200217B87 /* Build configuration list for PBXNativeTarget "chatAppsImageUpload" */ = {
			isa = XCConfigurationList;
			buildConfigurations = (
				3BCA6F2A2210437200217B87 /* Debug */,
				3BCA6F2B2210437200217B87 /* Release */,
			);
			defaultConfigurationIsVisible = 0;
			defaultConfigurationName = Release;
		};
/* End XCConfigurationList section */

/* Begin XCVersionGroup section */
		3BCA6F1E2210436E00217B87 /* chatAppsImageUpload.xcdatamodeld */ = {
			isa = XCVersionGroup;
			children = (
				3BCA6F1F2210436E00217B87 /* chatAppsImageUpload.xcdatamodel */,
			);
			currentVersion = 3BCA6F1F2210436E00217B87 /* chatAppsImageUpload.xcdatamodel */;
			path = chatAppsImageUpload.xcdatamodeld;
			sourceTree = "<group>";
			versionGroupType = wrapper.xcdatamodel;
		};
/* End XCVersionGroup section */
	};
	rootObject = 3BCA6F0C2210436E00217B87 /* Project object */;
}
